Microsoft Visual Studio Solution File, Format Version 12.00
# Visual Studio Version 17
VisualStudioVersion = 17.5.2.0
MinimumVisualStudioVersion = 10.0.40219.1
Project("{FAE04EC0-301F-11D3-BF4B-00C04F79EFBC}") = "Idiomas.Api", "Idiomas.Api.csproj", "{B11C9692-FEBA-DBC3-FC0D-CD0AAA4C0394}"
EndProject
Global
	GlobalSection(SolutionConfigurationPlatforms) = preSolution
		Debug|Any CPU = Debug|Any CPU
		Release|Any CPU = Release|Any CPU
	EndGlobalSection
	GlobalSection(ProjectConfigurationPlatforms) = postSolution
		{B11C9692-FEBA-DBC3-FC0D-CD0AAA4C0394}.Debug|Any CPU.ActiveCfg = Debug|Any CPU
		{B11C9692-FEBA-DBC3-FC0D-CD0AAA4C0394}.Debug|Any CPU.Build.0 = Debug|Any CPU
		{B11C9692-FEBA-DBC3-FC0D-CD0AAA4C0394}.Release|Any CPU.ActiveCfg = Release|Any CPU
		{B11C9692-FEBA-DBC3-FC0D-CD0AAA4C0394}.Release|Any CPU.Build.0 = Release|Any CPU
	EndGlobalSection
	GlobalSection(SolutionProperties) = preSolution
		HideSolutionNode = FALSE
	EndGlobalSection
	GlobalSection(ExtensibilityGlobals) = postSolution
		SolutionGuid = {D64437CC-4A56-411E-865E-A9CDF468D904}
	EndGlobalSection
EndGlobal
