Microsoft Visual Studio Solution File, Format Version 12.00
# Visual Studio Version 17
VisualStudioVersion = 17.5.2.0
MinimumVisualStudioVersion = 10.0.40219.1
Project("{FAE04EC0-301F-11D3-BF4B-00C04F79EFBC}") = "Idiomas.Core", "Idiomas.Core\Idiomas.Core.csproj", "{19A1802F-710D-F894-FADF-787B254C57E8}"
EndProject
Project("{FAE04EC0-301F-11D3-BF4B-00C04F79EFBC}") = "Idiomas.Tests.Core", "Idiomas.Tests.Core\Idiomas.Tests.Core.csproj", "{536AEA43-504D-4E9A-AFFD-DD75D89DE45D}"
EndProject
Global
	GlobalSection(SolutionConfigurationPlatforms) = preSolution
		Debug|Any CPU = Debug|Any CPU
		Release|Any CPU = Release|Any CPU
	EndGlobalSection
	GlobalSection(ProjectConfigurationPlatforms) = postSolution
		{19A1802F-710D-F894-FADF-787B254C57E8}.Debug|Any CPU.ActiveCfg = Debug|Any CPU
		{19A1802F-710D-F894-FADF-787B254C57E8}.Debug|Any CPU.Build.0 = Debug|Any CPU
		{19A1802F-710D-F894-FADF-787B254C57E8}.Release|Any CPU.ActiveCfg = Release|Any CPU
		{19A1802F-710D-F894-FADF-787B254C57E8}.Release|Any CPU.Build.0 = Release|Any CPU
		{536AEA43-504D-4E9A-AFFD-DD75D89DE45D}.Debug|Any CPU.ActiveCfg = Debug|Any CPU
		{536AEA43-504D-4E9A-AFFD-DD75D89DE45D}.Debug|Any CPU.Build.0 = Debug|Any CPU
		{536AEA43-504D-4E9A-AFFD-DD75D89DE45D}.Release|Any CPU.ActiveCfg = Release|Any CPU
		{536AEA43-504D-4E9A-AFFD-DD75D89DE45D}.Release|Any CPU.Build.0 = Release|Any CPU
	EndGlobalSection
	GlobalSection(SolutionProperties) = preSolution
		HideSolutionNode = FALSE
	EndGlobalSection
	GlobalSection(ExtensibilityGlobals) = postSolution
		SolutionGuid = {DF633501-3432-4B66-A096-0435BE24AF3E}
	EndGlobalSection
EndGlobal
